
Microsoft Visual Studio Solution File, Format Version 12.00
# Visual Studio Version 17
VisualStudioVersion = 17.2.32630.192
MinimumVisualStudioVersion = 10.0.40219.1
Project("{FAE04EC0-301F-11D3-BF4B-00C04F79EFBC}") = "MinimalRepro", "MinimalRepro\MinimalRepro.csproj", "{57C96FF3-DE49-4768-A615-D15EF89CEDCE}"
EndProject
Global
	GlobalSection(SolutionConfigurationPlatforms) = preSolution
		Debug|Any CPU = Debug|Any CPU
		Release|Any CPU = Release|Any CPU
	EndGlobalSection
	GlobalSection(ProjectConfigurationPlatforms) = postSolution
		{57C96FF3-DE49-4768-A615-D15EF89CEDCE}.Debug|Any CPU.ActiveCfg = Debug|Any CPU
		{57C96FF3-DE49-4768-A615-D15EF89CEDCE}.Debug|Any CPU.Build.0 = Debug|Any CPU
		{57C96FF3-DE49-4768-A615-D15EF89CEDCE}.Release|Any CPU.ActiveCfg = Release|Any CPU
		{57C96FF3-DE49-4768-A615-D15EF89CEDCE}.Release|Any CPU.Build.0 = Release|Any CPU
	EndGlobalSection
	GlobalSection(SolutionProperties) = preSolution
		HideSolutionNode = FALSE
	EndGlobalSection
	GlobalSection(ExtensibilityGlobals) = postSolution
		SolutionGuid = {6545FD58-5758-4D1F-9D76-2A8E21573B2D}
	EndGlobalSection
EndGlobal
